{
  "object": {
    "pins": [
      {
        "package": "ActionButton",
        "repositoryURL": "https://github.com/KAIMAN-IOS/ActionButton",
        "state": {
          "branch": "master",
          "revision": "5a8f4d4969719e1f32758af9f61777562ba262e7",
          "version": null
        }
      },
      {
        "package": "Alamofire",
        "repositoryURL": "https://github.com/Alamofire/Alamofire",
        "state": {
          "branch": null,
          "revision": "78424be314842833c04bc3bef5b72e85fff99204",
          "version": "5.6.4"
        }
      },
      {
        "package": "Ampersand",
        "repositoryURL": "https://github.com/darjeelingsteve/Ampersand",
        "state": {
          "branch": null,
          "revision": "4c35dbed17551133c880d0a095029285875da7fe",
          "version": "1.2.1"
        }
      },
      {
        "package": "ATAConfiguration",
        "repositoryURL": "https://github.com/KAIMAN-IOS/ATAConfiguration",
        "state": {
          "branch": "master",
          "revision": "aa7a5616b132fa09f5b7f3899b8f35a8a978c88e",
          "version": null
        }
      },
      {
        "package": "ATAViews",
        "repositoryURL": "https://github.com/KAIMAN-IOS/ATAViews",
        "state": {
          "branch": "master",
          "revision": "73008c2170aac4cf0526e93a6d41be893ffe3c78",
          "version": null
        }
      },
      {
        "package": "Haptica",
        "repositoryURL": "https://github.com/efremidze/Haptica",
        "state": {
          "branch": "master",
          "revision": "6f9e9f97ec0a7394dc6af50e86c7d5ea1d28b2cc",
          "version": null
        }
      },
      {
        "package": "KCoordinatorKit",
        "repositoryURL": "https://github.com/KAIMAN-IOS/KCoordinatorKit",
        "state": {
          "branch": "master",
          "revision": "20bb96f4f55c366fbeba61e97287bd6ee4a14d03",
          "version": null
        }
      },
      {
        "package": "KExtensions",
        "repositoryURL": "https://github.com/KAIMAN-iOS/KExtensions",
        "state": {
          "branch": "master",
          "revision": "1939fdb6eddc4cd1c53c7de2fba4d2d9e53e15d2",
          "version": null
        }
      },
      {
        "package": "KStorage",
        "repositoryURL": "https://github.com/KAIMAN-iOS/KStorage",
        "state": {
          "branch": null,
          "revision": "330de84d7b9601468a842c099c7627069ab92016",
          "version": "1.0.0"
        }
      },
      {
        "package": "Lottie",
        "repositoryURL": "https://github.com/airbnb/lottie-ios",
        "state": {
          "branch": null,
          "revision": "b4bd0604ded9574807f41b4004b57dd1226a30a4",
          "version": "3.5.0"
        }
      },
      {
        "package": "NSAttributedStringBuilder",
        "repositoryURL": "https://github.com/ethanhuang13/NSAttributedStringBuilder",
        "state": {
          "branch": null,
          "revision": "18662b33975c9ec8c80a1bd9b4e30d09612ee7ee",
          "version": "0.4.1"
        }
      },
      {
        "package": "Nuke",
        "repositoryURL": "https://github.com/kean/Nuke",
        "state": {
          "branch": null,
          "revision": "7f73ceaeacd5df75a7994cd82e165ad9ff1815db",
          "version": "9.6.1"
        }
      },
      {
        "package": "Peep",
        "repositoryURL": "https://github.com/efremidze/Peep",
        "state": {
          "branch": null,
          "revision": "6ba6217b6fa53d53e635f20ed225261398b32116",
          "version": "3.0.0"
        }
      },
      {
        "package": "PhoneNumberKit",
        "repositoryURL": "https://github.com/KAIMAN-IOS/PhoneNumberKit",
        "state": {
          "branch": null,
          "revision": "d73665b4ae26aa57245bd4fdc5b6bab7a18033f3",
          "version": "4.0.0"
        }
      },
      {
        "package": "PromiseKit",
        "repositoryURL": "https://github.com/mxcl/PromiseKit",
        "state": {
          "branch": null,
          "revision": "43772616c46a44a9977e41924ae01d0e55f2f9ca",
          "version": "6.18.1"
        }
      },
      {
        "package": "SnapKit",
        "repositoryURL": "https://github.com/SnapKit/SnapKit",
        "state": {
          "branch": null,
          "revision": "f222cbdf325885926566172f6f5f06af95473158",
          "version": "5.6.0"
        }
      },
      {
        "package": "TextFieldEffects",
        "repositoryURL": "https://github.com/KAIMAN-IOS/TextFieldEffects",
        "state": {
          "branch": "master",
          "revision": "1d35118960037a8b777a11f388b7ff976835fec7",
          "version": null
        }
      }
    ]
  },
  "version": 1
}
