{
  "object": {
    "pins": [
      {
        "package": "ActionButton",
        "repositoryURL": "https://github.com/jerometonnelier/ActionButton",
        "state": {
          "branch": "master",
          "revision": "54fa3a54c2935e6562a2467d245ab65d7518bccc",
          "version": null
        }
      },
      {
        "package": "Ampersand",
        "repositoryURL": "https://github.com/darjeelingsteve/Ampersand",
        "state": {
          "branch": null,
          "revision": "9498afe66ef14428c80647a4b1046c9aab97655a",
          "version": "1.1.0"
        }
      },
      {
        "package": "ATAConfiguration",
        "repositoryURL": "https://github.com/jerometonnelier/ATAConfiguration",
        "state": {
          "branch": "master",
          "revision": "d4b2dbcc96550102fd5222bbfeebf62a6d72e60d",
          "version": null
        }
      },
      {
        "package": "Haptica",
        "repositoryURL": "https://github.com/efremidze/Haptica",
        "state": {
          "branch": "master",
          "revision": "4084702c85102c2d17d58e42ec5a750094944864",
          "version": null
        }
      },
      {
        "package": "IQKeyboardManagerSwift",
        "repositoryURL": "https://github.com/hackiftekhar/IQKeyboardManager.git",
        "state": {
          "branch": null,
          "revision": "4dc6bc7d1c9747bd0c261c8c055903f9fdef91f7",
          "version": "6.5.6"
        }
      },
      {
        "package": "KCoordinatorKit",
        "repositoryURL": "https://github.com/jerometonnelier/KCoordinatorKit",
        "state": {
          "branch": "master",
          "revision": "20bb96f4f55c366fbeba61e97287bd6ee4a14d03",
          "version": null
        }
      },
      {
        "package": "KExtensions",
        "repositoryURL": "https://github.com/jerometonnelier/KExtensions",
        "state": {
          "branch": null,
          "revision": "08cb0df7c365de5ca2e7da425b3f2831c5834b8a",
          "version": "1.0.29"
        }
      },
      {
        "package": "Lottie",
        "repositoryURL": "https://github.com/airbnb/lottie-ios",
        "state": {
          "branch": null,
          "revision": "b3c60ba1716baab6faeeb217d8ce1da336f92718",
          "version": "3.2.1"
        }
      },
      {
        "package": "NSAttributedStringBuilder",
        "repositoryURL": "https://github.com/ethanhuang13/NSAttributedStringBuilder",
        "state": {
          "branch": null,
          "revision": "4a3b02b8b4baf531490e1ddae8ed4a667bdb12b5",
          "version": "0.3.3"
        }
      },
      {
        "package": "Nuke",
        "repositoryURL": "https://github.com/kean/Nuke",
        "state": {
          "branch": null,
          "revision": "200016df418ed8dc70ba918d52c29634f434541c",
          "version": "9.5.0"
        }
      },
      {
        "package": "Peep",
        "repositoryURL": "https://github.com/efremidze/Peep",
        "state": {
          "branch": null,
          "revision": "6ba6217b6fa53d53e635f20ed225261398b32116",
          "version": "3.0.0"
        }
      },
      {
        "package": "PhoneNumberKit",
        "repositoryURL": "https://github.com/jerometonnelier/PhoneNumberKit",
        "state": {
          "branch": null,
          "revision": "d73665b4ae26aa57245bd4fdc5b6bab7a18033f3",
          "version": "4.0.0"
        }
      },
      {
        "package": "SnapKit",
        "repositoryURL": "https://github.com/SnapKit/SnapKit",
        "state": {
          "branch": null,
          "revision": "d458564516e5676af9c70b4f4b2a9178294f1bc6",
          "version": "5.0.1"
        }
      },
      {
        "package": "TextFieldEffects",
        "repositoryURL": "https://github.com/jerometonnelier/TextFieldEffects",
        "state": {
          "branch": "master",
          "revision": "34c87d76b1675f2001bec6e16462f8cc0b8dbbd2",
          "version": null
        }
      }
    ]
  },
  "version": 1
}
